
Microsoft Visual Studio Solution File, Format Version 12.00
# Visual Studio 2015
Project("{FAE04EC0-301F-11D3-BF4B-00C04F79EFBC}") = "final_prototype.Plugins", "final_prototype.Plugins.csproj", "{240C1113-4D0C-8B97-C320-730BE8DC76C1}"
EndProject
Project("{FAE04EC0-301F-11D3-BF4B-00C04F79EFBC}") = "final_prototype", "final_prototype.csproj", "{F2FEAA67-DAD4-67B1-0603-11B981F67B44}"
EndProject
Project("{FAE04EC0-301F-11D3-BF4B-00C04F79EFBC}") = "final_prototype.Editor.Plugins", "final_prototype.Editor.Plugins.csproj", "{390AF96A-177B-63C7-D8A1-6D45650A4216}"
EndProject
Global
	GlobalSection(SolutionConfigurationPlatforms) = preSolution
		Debug|Any CPU = Debug|Any CPU
		Release|Any CPU = Release|Any CPU
	EndGlobalSection
	GlobalSection(ProjectConfigurationPlatforms) = postSolution
		{240C1113-4D0C-8B97-C320-730BE8DC76C1}.Debug|Any CPU.ActiveCfg = Debug|Any CPU
		{240C1113-4D0C-8B97-C320-730BE8DC76C1}.Debug|Any CPU.Build.0 = Debug|Any CPU
		{240C1113-4D0C-8B97-C320-730BE8DC76C1}.Release|Any CPU.ActiveCfg = Release|Any CPU
		{240C1113-4D0C-8B97-C320-730BE8DC76C1}.Release|Any CPU.Build.0 = Release|Any CPU
		{F2FEAA67-DAD4-67B1-0603-11B981F67B44}.Debug|Any CPU.ActiveCfg = Debug|Any CPU
		{F2FEAA67-DAD4-67B1-0603-11B981F67B44}.Debug|Any CPU.Build.0 = Debug|Any CPU
		{F2FEAA67-DAD4-67B1-0603-11B981F67B44}.Release|Any CPU.ActiveCfg = Release|Any CPU
		{F2FEAA67-DAD4-67B1-0603-11B981F67B44}.Release|Any CPU.Build.0 = Release|Any CPU
		{390AF96A-177B-63C7-D8A1-6D45650A4216}.Debug|Any CPU.ActiveCfg = Debug|Any CPU
		{390AF96A-177B-63C7-D8A1-6D45650A4216}.Debug|Any CPU.Build.0 = Debug|Any CPU
		{390AF96A-177B-63C7-D8A1-6D45650A4216}.Release|Any CPU.ActiveCfg = Release|Any CPU
		{390AF96A-177B-63C7-D8A1-6D45650A4216}.Release|Any CPU.Build.0 = Release|Any CPU
	EndGlobalSection
	GlobalSection(SolutionProperties) = preSolution
		HideSolutionNode = FALSE
	EndGlobalSection
EndGlobal
